{
  "requires": true,
  "lockfileVersion": 1,
  "dependencies": {
    "@angular/animations": {
      "version": "5.1.2",
      "resolved": "https://registry.npmjs.org/@angular/animations/-/animations-5.1.2.tgz",
      "integrity": "sha512-so2i0He4Fh5YuvujC68k2/Hzyy56/vZAUmLTXHE+9f4RatjqV68LISseFXqcS8bhVuT7AD2ZEbHnM7nWhgDaTg==",
      "requires": {
        "tslib": "1.8.1"
      }
    },
    "@angular/cdk": {
      "version": "5.0.2",
      "resolved": "https://registry.npmjs.org/@angular/cdk/-/cdk-5.0.2.tgz",
      "integrity": "sha512-02OuEFBZ7USE5/hq5O7NfBF4RTDfcgOpGmKCdznUejPZ7t74xMYa1N/rC0RvtlXChTabTkVNl4OCXHl1ACTFPw==",
      "requires": {
        "tslib": "1.8.1"
      }
    },
    "@angular/material": {
      "version": "5.0.2",
      "resolved": "https://registry.npmjs.org/@angular/material/-/material-5.0.2.tgz",
      "integrity": "sha512-mcEj1uukmMMILEHGmhxhqH2+rXjO/aXElbMJtfDoo7aCZvJ3soiyXemAWliyDwS1bfz1FhZGGebXkblY73XaIA==",
      "requires": {
        "tslib": "1.8.1"
      }
    },
    "hammerjs": {
      "version": "2.0.8",
      "resolved": "https://registry.npmjs.org/hammerjs/-/hammerjs-2.0.8.tgz",
      "integrity": "sha1-BO93hiz/K7edMPdpIJWTAiK/YPE="
    },
    "ngx-bootstrap": {
      "version": "2.0.0-rc.0",
      "resolved": "https://registry.npmjs.org/ngx-bootstrap/-/ngx-bootstrap-2.0.0-rc.0.tgz",
      "integrity": "sha512-BhVJ0lAODa4HZej9ikdqDnYNjx8QDbvfz0i7hdtZsKivTEnJD8wPDrSwQ3XVAbw/NUOXmKwgFoZG6rtcubYKmQ=="
    },
    "tslib": {
      "version": "1.8.1",
      "resolved": "https://registry.npmjs.org/tslib/-/tslib-1.8.1.tgz",
      "integrity": "sha1-aUavLR1lGnsYY7Ux1uWvpBqkTqw="
    }
  }
}
